
Microsoft Visual Studio Solution File, Format Version 12.00
# Visual Studio Version 17
VisualStudioVersion = 17.10.34928.147
MinimumVisualStudioVersion = 10.0.40219.1
Project("{9A19103F-16F7-4668-BE54-9A1E7A4F7556}") = "Fiap.TesteTecnico.ClassManager.Api", "src\Fiap.TesteTecnico.ClassManager.Api\Fiap.TesteTecnico.ClassManager.Api.csproj", "{9FEF0506-B40F-42A2-80C4-98B79EA41FBF}"
EndProject
Project("{FAE04EC0-301F-11D3-BF4B-00C04F79EFBC}") = "Fiap.TesteTecnico.ClassManager.Domain", "src\Fiap.TesteTecnico.ClassManager.Domain\Fiap.TesteTecnico.ClassManager.Domain.csproj", "{0B6F7D2E-BF47-4DF2-83A8-6F78E255A83E}"
EndProject
Project("{FAE04EC0-301F-11D3-BF4B-00C04F79EFBC}") = "Fiap.TesteTecnico.ClassManager.Infra", "src\Fiap.TesteTecnico.ClassManager.Infra\Fiap.TesteTecnico.ClassManager.Infra.csproj", "{38BD4FFF-1473-410C-B284-990AD9E8B2BA}"
EndProject
Global
	GlobalSection(SolutionConfigurationPlatforms) = preSolution
		Debug|Any CPU = Debug|Any CPU
		Release|Any CPU = Release|Any CPU
	EndGlobalSection
	GlobalSection(ProjectConfigurationPlatforms) = postSolution
		{9FEF0506-B40F-42A2-80C4-98B79EA41FBF}.Debug|Any CPU.ActiveCfg = Debug|Any CPU
		{9FEF0506-B40F-42A2-80C4-98B79EA41FBF}.Debug|Any CPU.Build.0 = Debug|Any CPU
		{9FEF0506-B40F-42A2-80C4-98B79EA41FBF}.Release|Any CPU.ActiveCfg = Release|Any CPU
		{9FEF0506-B40F-42A2-80C4-98B79EA41FBF}.Release|Any CPU.Build.0 = Release|Any CPU
		{0B6F7D2E-BF47-4DF2-83A8-6F78E255A83E}.Debug|Any CPU.ActiveCfg = Debug|Any CPU
		{0B6F7D2E-BF47-4DF2-83A8-6F78E255A83E}.Debug|Any CPU.Build.0 = Debug|Any CPU
		{0B6F7D2E-BF47-4DF2-83A8-6F78E255A83E}.Release|Any CPU.ActiveCfg = Release|Any CPU
		{0B6F7D2E-BF47-4DF2-83A8-6F78E255A83E}.Release|Any CPU.Build.0 = Release|Any CPU
		{38BD4FFF-1473-410C-B284-990AD9E8B2BA}.Debug|Any CPU.ActiveCfg = Debug|Any CPU
		{38BD4FFF-1473-410C-B284-990AD9E8B2BA}.Debug|Any CPU.Build.0 = Debug|Any CPU
		{38BD4FFF-1473-410C-B284-990AD9E8B2BA}.Release|Any CPU.ActiveCfg = Release|Any CPU
		{38BD4FFF-1473-410C-B284-990AD9E8B2BA}.Release|Any CPU.Build.0 = Release|Any CPU
	EndGlobalSection
	GlobalSection(SolutionProperties) = preSolution
		HideSolutionNode = FALSE
	EndGlobalSection
	GlobalSection(ExtensibilityGlobals) = postSolution
		SolutionGuid = {8E2F6F1B-1FB6-473D-BABD-708653B023CB}
	EndGlobalSection
EndGlobal
